
Microsoft Visual Studio Solution File, Format Version 12.00
# Visual Studio Version 17
VisualStudioVersion = 17.13.35828.75
MinimumVisualStudioVersion = 10.0.40219.1
Project("{2150E333-8FDC-42A3-9474-1A3956D46DE8}") = "解决方案项", "解决方案项", "{9FA3D6BD-1EC1-3BA5-80CB-CE02773A58D5}"
	ProjectSection(SolutionItems) = preProject
		.editorconfig = .editorconfig
		CHANGELOG = CHANGELOG
		Directory.Build.props = Directory.Build.props
		LICENSE = LICENSE
		NuGet.config = NuGet.config
		README.md = README.md
		README.zh-CN.md = README.zh-CN.md
		THIRD_PARTY_LICENSES = THIRD_PARTY_LICENSES
	EndProjectSection
EndProject
Project("{FAE04EC0-301F-11D3-BF4B-00C04F79EFBC}") = "MinimalExampleApp", "src\MinimalExampleApp\MinimalExampleApp.csproj", "{9F03B1D5-500D-BF3B-6500-4B3DF17D787D}"
EndProject
Project("{FAE04EC0-301F-11D3-BF4B-00C04F79EFBC}") = "BrowserSubprocess", "src\BrowserSubprocess\BrowserSubprocess.csproj", "{B1D0A9F3-DEDC-6D31-2816-7E0197AEF329}"
EndProject
Project("{FAE04EC0-301F-11D3-BF4B-00C04F79EFBC}") = "BlazorHybridExampleApp", "src\BlazorHybridExampleApp\BlazorHybridExampleApp.csproj", "{FA28C24C-EDEE-90EC-F1A7-39AF86DADA5B}"
EndProject
Project("{2150E333-8FDC-42A3-9474-1A3956D46DE8}") = "BlazorExamples", "BlazorExamples", "{02EA681E-C7D8-13C7-8484-4AC65E1B71E8}"
EndProject
Project("{2150E333-8FDC-42A3-9474-1A3956D46DE8}") = "AotExamples", "AotExamples", "{8EF90DBF-AC34-42F8-B37F-3E881D38A07A}"
EndProject
Project("{2150E333-8FDC-42A3-9474-1A3956D46DE8}") = "Libraries", "Libraries", "{69F6F197-B07A-424C-8B71-5C6CC4105DE5}"
EndProject
Project("{FAE04EC0-301F-11D3-BF4B-00C04F79EFBC}") = "WinFormium", "src\WinFormium\WinFormium.csproj", "{214FDC8D-1C5E-AE04-FBA7-3EE6E0AD523D}"
EndProject
Project("{FAE04EC0-301F-11D3-BF4B-00C04F79EFBC}") = "WinFormium.BlazorHybrid", "src\WinFormium.BlazorHybrid\WinFormium.BlazorHybrid.csproj", "{9833E07E-8714-8061-EE07-5E2D988E408A}"
EndProject
Global
	GlobalSection(SolutionConfigurationPlatforms) = preSolution
		Debug|Any CPU = Debug|Any CPU
		Release|Any CPU = Release|Any CPU
	EndGlobalSection
	GlobalSection(ProjectConfigurationPlatforms) = postSolution
		{9F03B1D5-500D-BF3B-6500-4B3DF17D787D}.Debug|Any CPU.ActiveCfg = Debug|Any CPU
		{9F03B1D5-500D-BF3B-6500-4B3DF17D787D}.Debug|Any CPU.Build.0 = Debug|Any CPU
		{9F03B1D5-500D-BF3B-6500-4B3DF17D787D}.Release|Any CPU.ActiveCfg = Release|Any CPU
		{9F03B1D5-500D-BF3B-6500-4B3DF17D787D}.Release|Any CPU.Build.0 = Release|Any CPU
		{B1D0A9F3-DEDC-6D31-2816-7E0197AEF329}.Debug|Any CPU.ActiveCfg = Debug|Any CPU
		{B1D0A9F3-DEDC-6D31-2816-7E0197AEF329}.Debug|Any CPU.Build.0 = Debug|Any CPU
		{B1D0A9F3-DEDC-6D31-2816-7E0197AEF329}.Release|Any CPU.ActiveCfg = Release|Any CPU
		{B1D0A9F3-DEDC-6D31-2816-7E0197AEF329}.Release|Any CPU.Build.0 = Release|Any CPU
		{FA28C24C-EDEE-90EC-F1A7-39AF86DADA5B}.Debug|Any CPU.ActiveCfg = Debug|Any CPU
		{FA28C24C-EDEE-90EC-F1A7-39AF86DADA5B}.Debug|Any CPU.Build.0 = Debug|Any CPU
		{FA28C24C-EDEE-90EC-F1A7-39AF86DADA5B}.Release|Any CPU.ActiveCfg = Release|Any CPU
		{FA28C24C-EDEE-90EC-F1A7-39AF86DADA5B}.Release|Any CPU.Build.0 = Release|Any CPU
		{214FDC8D-1C5E-AE04-FBA7-3EE6E0AD523D}.Debug|Any CPU.ActiveCfg = Debug|Any CPU
		{214FDC8D-1C5E-AE04-FBA7-3EE6E0AD523D}.Debug|Any CPU.Build.0 = Debug|Any CPU
		{214FDC8D-1C5E-AE04-FBA7-3EE6E0AD523D}.Release|Any CPU.ActiveCfg = Release|Any CPU
		{214FDC8D-1C5E-AE04-FBA7-3EE6E0AD523D}.Release|Any CPU.Build.0 = Release|Any CPU
		{9833E07E-8714-8061-EE07-5E2D988E408A}.Debug|Any CPU.ActiveCfg = Debug|Any CPU
		{9833E07E-8714-8061-EE07-5E2D988E408A}.Debug|Any CPU.Build.0 = Debug|Any CPU
		{9833E07E-8714-8061-EE07-5E2D988E408A}.Release|Any CPU.ActiveCfg = Release|Any CPU
		{9833E07E-8714-8061-EE07-5E2D988E408A}.Release|Any CPU.Build.0 = Release|Any CPU
	EndGlobalSection
	GlobalSection(SolutionProperties) = preSolution
		HideSolutionNode = FALSE
	EndGlobalSection
	GlobalSection(NestedProjects) = preSolution
		{9F03B1D5-500D-BF3B-6500-4B3DF17D787D} = {8EF90DBF-AC34-42F8-B37F-3E881D38A07A}
		{B1D0A9F3-DEDC-6D31-2816-7E0197AEF329} = {8EF90DBF-AC34-42F8-B37F-3E881D38A07A}
		{FA28C24C-EDEE-90EC-F1A7-39AF86DADA5B} = {02EA681E-C7D8-13C7-8484-4AC65E1B71E8}
		{214FDC8D-1C5E-AE04-FBA7-3EE6E0AD523D} = {69F6F197-B07A-424C-8B71-5C6CC4105DE5}
		{9833E07E-8714-8061-EE07-5E2D988E408A} = {69F6F197-B07A-424C-8B71-5C6CC4105DE5}
	EndGlobalSection
	GlobalSection(ExtensibilityGlobals) = postSolution
		SolutionGuid = {9AE189DD-20A2-4323-BE7F-1BB9D8E268E2}
	EndGlobalSection
EndGlobal
